
Microsoft Visual Studio Solution File, Format Version 12.00
# Visual Studio Version 17
VisualStudioVersion = 17.9.34728.123
MinimumVisualStudioVersion = 10.0.40219.1
Project("{9A19103F-16F7-4668-BE54-9A1E7A4F7556}") = "Syrx.Settings", "src\Syrx.Settings\Syrx.Settings.csproj", "{902AF707-AFC6-40DE-9334-47081FBFAF97}"
EndProject
Project("{9A19103F-16F7-4668-BE54-9A1E7A4F7556}") = "Syrx.Readers", "src\Syrx.Readers\Syrx.Readers.csproj", "{B0FD39CE-2117-415D-93F4-C8FB5192E796}"
EndProject
Project("{9A19103F-16F7-4668-BE54-9A1E7A4F7556}") = "Syrx.Connectors", "src\Syrx.Connectors\Syrx.Connectors.csproj", "{33719456-6BAB-47A5-84F4-C612C7E93A6B}"
EndProject
Project("{9A19103F-16F7-4668-BE54-9A1E7A4F7556}") = "Syrx", "src\Syrx\Syrx.csproj", "{6D8D2E3F-EE1D-4CC4-AE4F-7462696549F1}"
EndProject
Project("{2150E333-8FDC-42A3-9474-1A3956D46DE8}") = "src", "src", "{D3144577-E4FF-4B60-A299-E86B8F01017F}"
EndProject
Project("{2150E333-8FDC-42A3-9474-1A3956D46DE8}") = "tests", "tests", "{6AE85D2D-5AD3-4196-AA71-EB6CA42DF388}"
EndProject
Project("{2150E333-8FDC-42A3-9474-1A3956D46DE8}") = ".config", ".config", "{E3FF93A3-B71F-47DF-AD69-0194D53B11AC}"
EndProject
Project("{2150E333-8FDC-42A3-9474-1A3956D46DE8}") = ".docs", ".docs", "{25E76D5C-21AF-496B-A634-B3A61191A197}"
EndProject
Project("{9A19103F-16F7-4668-BE54-9A1E7A4F7556}") = "Syrx.Commanders.Databases", "src\Syrx.Commanders.Databases\Syrx.Commanders.Databases.csproj", "{CCA7D29E-F596-4B9F-B226-FD3ED104AC28}"
EndProject
Project("{9A19103F-16F7-4668-BE54-9A1E7A4F7556}") = "Syrx.Commanders.Databases.Connectors", "src\Syrx.Commanders.Databases.Connectors\Syrx.Commanders.Databases.Connectors.csproj", "{E4EA64C3-57AE-4F3D-992A-21D507F8570F}"
EndProject
Project("{9A19103F-16F7-4668-BE54-9A1E7A4F7556}") = "Syrx.Commanders.Databases.Settings.Readers", "src\Syrx.Commanders.Databases.Settings.Readers\Syrx.Commanders.Databases.Settings.Readers.csproj", "{6B771C62-7938-4535-91A9-F4AE1C73DDC4}"
EndProject
Project("{9A19103F-16F7-4668-BE54-9A1E7A4F7556}") = "Syrx.Commanders.Databases.Settings", "src\Syrx.Commanders.Databases.Settings\Syrx.Commanders.Databases.Settings.csproj", "{F0B68D66-B4DC-4C52-8282-88D244619186}"
EndProject
Project("{2150E333-8FDC-42A3-9474-1A3956D46DE8}") = "unit", "unit", "{A5762548-04D1-4FFB-99CA-22F728AFF7DC}"
EndProject
Project("{2150E333-8FDC-42A3-9474-1A3956D46DE8}") = "integration", "integration", "{09A14C65-D13E-44ED-9D4D-26A1DC373929}"
EndProject
Project("{9A19103F-16F7-4668-BE54-9A1E7A4F7556}") = "Syrx.Commanders.Databases.Connectors.Tests.Unit", "tests\unit\Syrx.Commanders.Databases.Connectors.Tests.Unit\Syrx.Commanders.Databases.Connectors.Tests.Unit.csproj", "{6B871A53-73F2-4366-AB12-D67A8EF224C1}"
EndProject
Project("{9A19103F-16F7-4668-BE54-9A1E7A4F7556}") = "Syrx.Commanders.Databases.Settings.Readers.Tests.Unit", "tests\unit\Syrx.Commanders.Databases.Settings.Readers.Tests.Unit\Syrx.Commanders.Databases.Settings.Readers.Tests.Unit.csproj", "{7C4A4CA9-F327-479B-8E28-E64ABAE77091}"
EndProject
Project("{9A19103F-16F7-4668-BE54-9A1E7A4F7556}") = "Syrx.Commanders.Databases.Settings.Tests.Unit", "tests\unit\Syrx.Commanders.Databases.Settings.Tests.Unit\Syrx.Commanders.Databases.Settings.Tests.Unit.csproj", "{0F67603C-702E-4967-9091-3D2E370CA61C}"
EndProject
Project("{9A19103F-16F7-4668-BE54-9A1E7A4F7556}") = "Syrx.Tests.Extensions", "tests\unit\Syrx.Tests.Extensions\Syrx.Tests.Extensions.csproj", "{CB2F41C9-4900-47C1-87D5-18F1717EFF54}"
EndProject
Project("{9A19103F-16F7-4668-BE54-9A1E7A4F7556}") = "Syrx.Commanders.Databases.Connectors.SqlServer", "src\Syrx.Commanders.Databases.Connectors.SqlServer\Syrx.Commanders.Databases.Connectors.SqlServer.csproj", "{982A0884-B746-4E61-96A5-7780B64F7FD9}"
EndProject
Project("{9A19103F-16F7-4668-BE54-9A1E7A4F7556}") = "Syrx.Commanders.Databases.Connectors.SqlServer.Tests.Unit", "tests\unit\Syrx.Commanders.Databases.Connectors.SqlServer.Tests.Unit\Syrx.Commanders.Databases.Connectors.SqlServer.Tests.Unit.csproj", "{A6815774-75A7-47B1-957E-273EC899D6D2}"
EndProject
Project("{9A19103F-16F7-4668-BE54-9A1E7A4F7556}") = "Syrx.Commanders.Databases.Settings.Extensions", "src\Syrx.Commanders.Databases.Settings.Extensions\Syrx.Commanders.Databases.Settings.Extensions.csproj", "{0BA20CCC-C7CA-4C4D-9115-B264D90111E0}"
EndProject
Project("{9A19103F-16F7-4668-BE54-9A1E7A4F7556}") = "Syrx.Extensions", "src\Syrx.Extensions\Syrx.Extensions.csproj", "{B58457BD-BA36-4C6F-86B9-5F9E465E4DEF}"
EndProject
Project("{9A19103F-16F7-4668-BE54-9A1E7A4F7556}") = "Syrx.Commanders.Databases.Connectors.Extensions", "src\Syrx.Commanders.Databases.Connectors.Extensions\Syrx.Commanders.Databases.Connectors.Extensions.csproj", "{9DFFA225-8D7A-4EFD-81C8-AC17DE163851}"
EndProject
Project("{9A19103F-16F7-4668-BE54-9A1E7A4F7556}") = "Syrx.Commanders.Databases.Settings.Readers.Extensions", "src\Syrx.Commanders.Databases.Settings.Readers.Extensions\Syrx.Commanders.Databases.Settings.Readers.Extensions.csproj", "{FA30D137-18DA-4E19-BBEF-44B1FCA68A13}"
EndProject
Project("{9A19103F-16F7-4668-BE54-9A1E7A4F7556}") = "Syrx.Commanders.Databases.Extensions", "src\Syrx.Commanders.Databases.Extensions\Syrx.Commanders.Databases.Extensions.csproj", "{F4762FDD-93AA-4189-BE85-F60CF45A54CD}"
EndProject
Project("{9A19103F-16F7-4668-BE54-9A1E7A4F7556}") = "Syrx.Commanders.Databases.Connectors.SqlServer.Extensions", "src\Syrx.Commanders.Databases.Connectors.SqlServer.Extensions\Syrx.Commanders.Databases.Connectors.SqlServer.Extensions.csproj", "{A0FF6C59-97C2-4081-B60C-2728021CF7DB}"
EndProject
Project("{9A19103F-16F7-4668-BE54-9A1E7A4F7556}") = "Syrx.Commanders.Databases.Connectors.SqlServer.Extensions.Tests.Unit", "tests\unit\Syrx.Commanders.Databases.Connectors.SqlServer.Extensions.Tests.Unit\Syrx.Commanders.Databases.Connectors.SqlServer.Extensions.Tests.Unit.csproj", "{9481F55D-06DA-4B73-A219-03C6940F8FD3}"
EndProject
Project("{9A19103F-16F7-4668-BE54-9A1E7A4F7556}") = "Syrx.Commanders.Databases.Settings.Extensions.Tests.Unit", "tests\unit\Syrx.Commanders.Databases.Settings.Extensions.Tests.Unit\Syrx.Commanders.Databases.Settings.Extensions.Tests.Unit.csproj", "{69EC2EFA-3259-42B1-A284-ACC326F1D12F}"
EndProject
Project("{9A19103F-16F7-4668-BE54-9A1E7A4F7556}") = "Syrx.Commanders.Databases.Extensions.Tests.Unit", "tests\unit\Syrx.Commanders.Databases.Extensions.Tests.Unit\Syrx.Commanders.Databases.Extensions.Tests.Unit.csproj", "{78040E1C-C10A-4231-AEA4-6CE0E40F669E}"
EndProject
Project("{9A19103F-16F7-4668-BE54-9A1E7A4F7556}") = "Syrx.Commanders.Databases.Tests.Integration", "tests\integration\Syrx.Commanders.Databases.Tests.Integration\Syrx.Commanders.Databases.Tests.Integration.csproj", "{3FC4C071-BF27-47E8-B6DF-74832622CA3E}"
EndProject
Project("{9A19103F-16F7-4668-BE54-9A1E7A4F7556}") = "Syrx.Commanders.Databases.Builders.Tests.Unit", "tests\unit\Syrx.Commanders.Databases.Builders.Tests.Unit\Syrx.Commanders.Databases.Builders.Tests.Unit.csproj", "{27B1FEA1-B040-44B2-A069-13C60485514B}"
EndProject
Project("{9A19103F-16F7-4668-BE54-9A1E7A4F7556}") = "Syrx.Commanders.Databases.Builders", "src\Syrx.Commanders.Databases.Builders\Syrx.Commanders.Databases.Builders.csproj", "{4C0B2AF3-8A85-4ED7-B460-ED282E6DB72E}"
EndProject
Project("{9A19103F-16F7-4668-BE54-9A1E7A4F7556}") = "Syrx.SqlServer", "src\Syrx.SqlServer\Syrx.SqlServer.csproj", "{43C01E51-8784-4E78-BA14-71BE1607CCA6}"
EndProject
Project("{9A19103F-16F7-4668-BE54-9A1E7A4F7556}") = "Syrx.SqlServer.Tests.Integration", "tests\integration\Syrx.SqlServer.Tests.Integration\Syrx.SqlServer.Tests.Integration.csproj", "{58F62D94-4385-4AED-8731-166CE2E79941}"
EndProject
Project("{9A19103F-16F7-4668-BE54-9A1E7A4F7556}") = "Syrx.Commanders.Databases.Settings.Extensions.Json", "src\Syrx.Commanders.Databases.Settings.Extensions.Json\Syrx.Commanders.Databases.Settings.Extensions.Json.csproj", "{F9E4EB01-D943-4D96-B375-70411BC3D04D}"
EndProject
Project("{9A19103F-16F7-4668-BE54-9A1E7A4F7556}") = "Syrx.Commanders.Databases.Settings.Extensions.Xml", "src\Syrx.Commanders.Databases.Settings.Extensions.Xml\Syrx.Commanders.Databases.Settings.Extensions.Xml.csproj", "{68477A04-582D-45B8-AAFF-4EFCBC5CC911}"
EndProject
Project("{9A19103F-16F7-4668-BE54-9A1E7A4F7556}") = "Syrx.Commanders.Databases.Settings.Extensions.Json.Tests.Unit", "tests\unit\Syrx.Commanders.Databases.Settings.Extensions.Json.Tests.Unit\Syrx.Commanders.Databases.Settings.Extensions.Json.Tests.Unit.csproj", "{DEED2362-1175-496D-A392-A70E9899358E}"
EndProject
Project("{9A19103F-16F7-4668-BE54-9A1E7A4F7556}") = "Syrx.Commanders.Databases.Settings.Extensions.Xml.Tests.Unit", "tests\unit\Syrx.Commanders.Databases.Settings.Extensions.Xml.Tests.Unit\Syrx.Commanders.Databases.Settings.Extensions.Xml.Tests.Unit.csproj", "{1D807140-BC0C-4A71-9A2A-41B835F9B8CB}"
EndProject
Project("{9A19103F-16F7-4668-BE54-9A1E7A4F7556}") = "Syrx.Commanders.Databases.Connectors.Extensions.Tests.Unit", "tests\unit\Syrx.Commanders.Databases.Connectors.Extensions.Tests.Unit\Syrx.Commanders.Databases.Connectors.Extensions.Tests.Unit.csproj", "{AD895A2A-333F-44C8-9DA1-D70D84E6306B}"
EndProject
Project("{9A19103F-16F7-4668-BE54-9A1E7A4F7556}") = "Syrx.Commanders.Databases.Settings.Readers.Extensions.Tests.Unit", "tests\unit\Syrx.Commanders.Databases.Settings.Readers.Extensions.Tests.Unit\Syrx.Commanders.Databases.Settings.Readers.Extensions.Tests.Unit.csproj", "{3746C9F0-F9BE-4B1C-8EE9-3CA1563EA792}"
EndProject
Project("{9A19103F-16F7-4668-BE54-9A1E7A4F7556}") = "Syrx.Commanders.Databases.Connectors.Npgsql", "src\Syrx.Commanders.Databases.Connectors.Npgsql\Syrx.Commanders.Databases.Connectors.Npgsql.csproj", "{4175C5ED-54F8-47EF-B0D5-BA39A40C179E}"
EndProject
Project("{9A19103F-16F7-4668-BE54-9A1E7A4F7556}") = "Syrx.Commanders.Databases.Connectors.Npgsql.Extensions", "src\Syrx.Commanders.Databases.Connectors.Npgsql.Extensions\Syrx.Commanders.Databases.Connectors.Npgsql.Extensions.csproj", "{C4908D22-FBB9-4A2E-9983-17AB4E3AAA6D}"
EndProject
Project("{9A19103F-16F7-4668-BE54-9A1E7A4F7556}") = "Syrx.Npgsql.Tests.Integration", "tests\integration\Syrx.Npgsql.Tests.Integration\Syrx.Npgsql.Tests.Integration.csproj", "{8E52AF09-9378-4461-9A3E-4A516EF027D7}"
EndProject
Project("{9A19103F-16F7-4668-BE54-9A1E7A4F7556}") = "Syrx.Npgsql", "src\Syrx.Npgsql\Syrx.Npgsql.csproj", "{3B959211-A63E-4C43-AA85-CB62AC518657}"
EndProject
Project("{9A19103F-16F7-4668-BE54-9A1E7A4F7556}") = "Syrx.Commanders.Databases.Tests.Integration.Models", "tests\integration\Syrx.Commanders.Databases.Tests.Integration.Models\Syrx.Commanders.Databases.Tests.Integration.Models.csproj", "{8ED9E97A-A9B5-4EFA-910B-384B7840AB3F}"
EndProject
Project("{9A19103F-16F7-4668-BE54-9A1E7A4F7556}") = "Syrx.Commanders.Databases.Connectors.Npgsql.Tests.Unit", "tests\unit\Syrx.Commanders.Databases.Connectors.Npgsql.Tests.Unit\Syrx.Commanders.Databases.Connectors.Npgsql.Tests.Unit.csproj", "{D4CAA48D-3031-429A-AE4E-10DA9C717C38}"
EndProject
Project("{9A19103F-16F7-4668-BE54-9A1E7A4F7556}") = "Syrx.Commanders.Databases.Connectors.Npgsql.Extensions.Tests.Unit", "tests\unit\Syrx.Commanders.Databases.Connectors.Npgsql.Extensions.Tests.Unit\Syrx.Commanders.Databases.Connectors.Npgsql.Extensions.Tests.Unit.csproj", "{61640196-4B68-4F9F-8E6C-9A8397B48AED}"
EndProject
Project("{9A19103F-16F7-4668-BE54-9A1E7A4F7556}") = "Syrx.Commanders.Databases.Connectors.Oracle", "src\Syrx.Commanders.Databases.Connectors.Oracle\Syrx.Commanders.Databases.Connectors.Oracle.csproj", "{FF09374D-361D-4ED1-B5F3-4D0092FF3CAF}"
EndProject
Project("{9A19103F-16F7-4668-BE54-9A1E7A4F7556}") = "Syrx.Commanders.Databases.Connectors.Oracle.Extensions", "src\Syrx.Commanders.Databases.Connectors.Oracle.Extensions\Syrx.Commanders.Databases.Connectors.Oracle.Extensions.csproj", "{3A926698-9D07-45ED-93C6-87A60D186A17}"
EndProject
Project("{9A19103F-16F7-4668-BE54-9A1E7A4F7556}") = "Syrx.Commanders.Databases.Connectors.Oracle.Tests.Unit", "tests\unit\Syrx.Commanders.Databases.Connectors.Oracle.Tests.Unit\Syrx.Commanders.Databases.Connectors.Oracle.Tests.Unit.csproj", "{5D986C87-77A1-41ED-90A2-10B11BCDB170}"
EndProject
Project("{9A19103F-16F7-4668-BE54-9A1E7A4F7556}") = "Syrx.Commanders.Databases.Connectors.Oracle.Extensions.Tests.Unit", "tests\unit\Syrx.Commanders.Databases.Connectors.Oracle.Extensions.Tests.Unit\Syrx.Commanders.Databases.Connectors.Oracle.Extensions.Tests.Unit.csproj", "{1B40D769-2601-4B21-9A11-74BCC774F62D}"
EndProject
Project("{9A19103F-16F7-4668-BE54-9A1E7A4F7556}") = "Syrx.Oracle", "src\Syrx.Oracle\Syrx.Oracle.csproj", "{39E72ED3-30F7-461E-AB46-4C17862CE255}"
EndProject
Project("{9A19103F-16F7-4668-BE54-9A1E7A4F7556}") = "Syrx.SqlServer.Extensions", "src\Syrx.SqlServer.Extensions\Syrx.SqlServer.Extensions.csproj", "{6D78DF8B-380F-4E24-9B9C-F0BB11DF7635}"
EndProject
Project("{9A19103F-16F7-4668-BE54-9A1E7A4F7556}") = "Syrx.Oracle.Tests.Integration", "tests\integration\Syrx.Oracle.Tests.Integration\Syrx.Oracle.Tests.Integration.csproj", "{23DAF25F-7301-40EC-88AD-C46D36CC00E3}"
EndProject
Project("{9A19103F-16F7-4668-BE54-9A1E7A4F7556}") = "Syrx.Npgsql.Extensions", "src\Syrx.Npgsql.Extensions\Syrx.Npgsql.Extensions.csproj", "{6B8A4500-09D3-4992-B7CF-65FE5FB39E4C}"
EndProject
Project("{9A19103F-16F7-4668-BE54-9A1E7A4F7556}") = "Syrx.Oracle.Extensions", "src\Syrx.Oracle.Extensions\Syrx.Oracle.Extensions.csproj", "{F1469D06-6C59-4E12-9939-3E245986644A}"
EndProject
Project("{9A19103F-16F7-4668-BE54-9A1E7A4F7556}") = "Syrx.Commanders.Databases.Connectors.MySql", "src\Syrx.Commanders.Databases.Connectors.MySql\Syrx.Commanders.Databases.Connectors.MySql.csproj", "{4624A2F7-CF5A-4C0D-8F65-F709A88645D9}"
EndProject
Project("{9A19103F-16F7-4668-BE54-9A1E7A4F7556}") = "Syrx.Commanders.Databases.Connectors.MySql.Extensions", "src\Syrx.Commanders.Databases.Connectors.MySql.Extensions\Syrx.Commanders.Databases.Connectors.MySql.Extensions.csproj", "{14DF574C-1E02-48B0-BC5B-EB1EBF11767D}"
EndProject
Project("{9A19103F-16F7-4668-BE54-9A1E7A4F7556}") = "Syrx.MySql", "src\Syrx.MySql\Syrx.MySql.csproj", "{8BAC0094-FAE4-44C4-A038-2FB9FD3DB2CA}"
EndProject
Project("{9A19103F-16F7-4668-BE54-9A1E7A4F7556}") = "Syrx.MySql.Extensions", "src\Syrx.MySql.Extensions\Syrx.MySql.Extensions.csproj", "{A31BF284-1189-49C8-9D57-AF9D96DD7629}"
EndProject
Project("{9A19103F-16F7-4668-BE54-9A1E7A4F7556}") = "Syrx.MySql.Tests.Integration", "tests\integration\Syrx.MySql.Tests.Integration\Syrx.MySql.Tests.Integration.csproj", "{2DD8ADE3-B9A4-4D1D-A8AF-5A7F4FF4889E}"
EndProject
Project("{9A19103F-16F7-4668-BE54-9A1E7A4F7556}") = "Syrx.Commanders.Databases.Connectors.MySql.Extensions.Tests.Unit", "tests\unit\Syrx.Commanders.Databases.Connectors.MySql.Extensions.Tests.Unit\Syrx.Commanders.Databases.Connectors.MySql.Extensions.Tests.Unit.csproj", "{F1A243DD-06D6-4D87-A6DF-855C2835450F}"
EndProject
Project("{9A19103F-16F7-4668-BE54-9A1E7A4F7556}") = "Syrx.Commanders.Databases.Connectors.MySql.Tests.Unit", "tests\unit\Syrx.Commanders.Databases.Connectors.MySql.Tests.Unit\Syrx.Commanders.Databases.Connectors.MySql.Tests.Unit.csproj", "{6EF2AF7B-E1CE-4DED-9FEB-E5177BB76065}"
EndProject
Project("{9A19103F-16F7-4668-BE54-9A1E7A4F7556}") = "Syrx.Commanders.Databases.Oracle", "src\Syrx.Commanders.Databases.Oracle\Syrx.Commanders.Databases.Oracle.csproj", "{48659079-E89D-4A8C-B4B1-1EED17B84913}"
EndProject
Project("{2150E333-8FDC-42A3-9474-1A3956D46DE8}") = "Syrx", "Syrx", "{88B2EC95-86D4-46C2-860E-AD327D0F27CF}"
	ProjectSection(SolutionItems) = preProject
		.docs\Syrx\readme.md = .docs\Syrx\readme.md
	EndProjectSection
EndProject
Global
	GlobalSection(SolutionConfigurationPlatforms) = preSolution
		Debug|Any CPU = Debug|Any CPU
		Release|Any CPU = Release|Any CPU
	EndGlobalSection
	GlobalSection(ProjectConfigurationPlatforms) = postSolution
		{902AF707-AFC6-40DE-9334-47081FBFAF97}.Debug|Any CPU.ActiveCfg = Debug|Any CPU
		{902AF707-AFC6-40DE-9334-47081FBFAF97}.Debug|Any CPU.Build.0 = Debug|Any CPU
		{902AF707-AFC6-40DE-9334-47081FBFAF97}.Release|Any CPU.ActiveCfg = Release|Any CPU
		{902AF707-AFC6-40DE-9334-47081FBFAF97}.Release|Any CPU.Build.0 = Release|Any CPU
		{B0FD39CE-2117-415D-93F4-C8FB5192E796}.Debug|Any CPU.ActiveCfg = Debug|Any CPU
		{B0FD39CE-2117-415D-93F4-C8FB5192E796}.Debug|Any CPU.Build.0 = Debug|Any CPU
		{B0FD39CE-2117-415D-93F4-C8FB5192E796}.Release|Any CPU.ActiveCfg = Release|Any CPU
		{B0FD39CE-2117-415D-93F4-C8FB5192E796}.Release|Any CPU.Build.0 = Release|Any CPU
		{33719456-6BAB-47A5-84F4-C612C7E93A6B}.Debug|Any CPU.ActiveCfg = Debug|Any CPU
		{33719456-6BAB-47A5-84F4-C612C7E93A6B}.Debug|Any CPU.Build.0 = Debug|Any CPU
		{33719456-6BAB-47A5-84F4-C612C7E93A6B}.Release|Any CPU.ActiveCfg = Release|Any CPU
		{33719456-6BAB-47A5-84F4-C612C7E93A6B}.Release|Any CPU.Build.0 = Release|Any CPU
		{6D8D2E3F-EE1D-4CC4-AE4F-7462696549F1}.Debug|Any CPU.ActiveCfg = Debug|Any CPU
		{6D8D2E3F-EE1D-4CC4-AE4F-7462696549F1}.Debug|Any CPU.Build.0 = Debug|Any CPU
		{6D8D2E3F-EE1D-4CC4-AE4F-7462696549F1}.Release|Any CPU.ActiveCfg = Release|Any CPU
		{6D8D2E3F-EE1D-4CC4-AE4F-7462696549F1}.Release|Any CPU.Build.0 = Release|Any CPU
		{CCA7D29E-F596-4B9F-B226-FD3ED104AC28}.Debug|Any CPU.ActiveCfg = Debug|Any CPU
		{CCA7D29E-F596-4B9F-B226-FD3ED104AC28}.Debug|Any CPU.Build.0 = Debug|Any CPU
		{CCA7D29E-F596-4B9F-B226-FD3ED104AC28}.Release|Any CPU.ActiveCfg = Release|Any CPU
		{CCA7D29E-F596-4B9F-B226-FD3ED104AC28}.Release|Any CPU.Build.0 = Release|Any CPU
		{E4EA64C3-57AE-4F3D-992A-21D507F8570F}.Debug|Any CPU.ActiveCfg = Debug|Any CPU
		{E4EA64C3-57AE-4F3D-992A-21D507F8570F}.Debug|Any CPU.Build.0 = Debug|Any CPU
		{E4EA64C3-57AE-4F3D-992A-21D507F8570F}.Release|Any CPU.ActiveCfg = Release|Any CPU
		{E4EA64C3-57AE-4F3D-992A-21D507F8570F}.Release|Any CPU.Build.0 = Release|Any CPU
		{6B771C62-7938-4535-91A9-F4AE1C73DDC4}.Debug|Any CPU.ActiveCfg = Debug|Any CPU
		{6B771C62-7938-4535-91A9-F4AE1C73DDC4}.Debug|Any CPU.Build.0 = Debug|Any CPU
		{6B771C62-7938-4535-91A9-F4AE1C73DDC4}.Release|Any CPU.ActiveCfg = Release|Any CPU
		{6B771C62-7938-4535-91A9-F4AE1C73DDC4}.Release|Any CPU.Build.0 = Release|Any CPU
		{F0B68D66-B4DC-4C52-8282-88D244619186}.Debug|Any CPU.ActiveCfg = Debug|Any CPU
		{F0B68D66-B4DC-4C52-8282-88D244619186}.Debug|Any CPU.Build.0 = Debug|Any CPU
		{F0B68D66-B4DC-4C52-8282-88D244619186}.Release|Any CPU.ActiveCfg = Release|Any CPU
		{F0B68D66-B4DC-4C52-8282-88D244619186}.Release|Any CPU.Build.0 = Release|Any CPU
		{6B871A53-73F2-4366-AB12-D67A8EF224C1}.Debug|Any CPU.ActiveCfg = Debug|Any CPU
		{6B871A53-73F2-4366-AB12-D67A8EF224C1}.Debug|Any CPU.Build.0 = Debug|Any CPU
		{6B871A53-73F2-4366-AB12-D67A8EF224C1}.Release|Any CPU.ActiveCfg = Release|Any CPU
		{6B871A53-73F2-4366-AB12-D67A8EF224C1}.Release|Any CPU.Build.0 = Release|Any CPU
		{7C4A4CA9-F327-479B-8E28-E64ABAE77091}.Debug|Any CPU.ActiveCfg = Debug|Any CPU
		{7C4A4CA9-F327-479B-8E28-E64ABAE77091}.Debug|Any CPU.Build.0 = Debug|Any CPU
		{7C4A4CA9-F327-479B-8E28-E64ABAE77091}.Release|Any CPU.ActiveCfg = Release|Any CPU
		{7C4A4CA9-F327-479B-8E28-E64ABAE77091}.Release|Any CPU.Build.0 = Release|Any CPU
		{0F67603C-702E-4967-9091-3D2E370CA61C}.Debug|Any CPU.ActiveCfg = Debug|Any CPU
		{0F67603C-702E-4967-9091-3D2E370CA61C}.Debug|Any CPU.Build.0 = Debug|Any CPU
		{0F67603C-702E-4967-9091-3D2E370CA61C}.Release|Any CPU.ActiveCfg = Release|Any CPU
		{0F67603C-702E-4967-9091-3D2E370CA61C}.Release|Any CPU.Build.0 = Release|Any CPU
		{CB2F41C9-4900-47C1-87D5-18F1717EFF54}.Debug|Any CPU.ActiveCfg = Debug|Any CPU
		{CB2F41C9-4900-47C1-87D5-18F1717EFF54}.Debug|Any CPU.Build.0 = Debug|Any CPU
		{CB2F41C9-4900-47C1-87D5-18F1717EFF54}.Release|Any CPU.ActiveCfg = Release|Any CPU
		{CB2F41C9-4900-47C1-87D5-18F1717EFF54}.Release|Any CPU.Build.0 = Release|Any CPU
		{982A0884-B746-4E61-96A5-7780B64F7FD9}.Debug|Any CPU.ActiveCfg = Debug|Any CPU
		{982A0884-B746-4E61-96A5-7780B64F7FD9}.Debug|Any CPU.Build.0 = Debug|Any CPU
		{982A0884-B746-4E61-96A5-7780B64F7FD9}.Release|Any CPU.ActiveCfg = Release|Any CPU
		{982A0884-B746-4E61-96A5-7780B64F7FD9}.Release|Any CPU.Build.0 = Release|Any CPU
		{A6815774-75A7-47B1-957E-273EC899D6D2}.Debug|Any CPU.ActiveCfg = Debug|Any CPU
		{A6815774-75A7-47B1-957E-273EC899D6D2}.Debug|Any CPU.Build.0 = Debug|Any CPU
		{A6815774-75A7-47B1-957E-273EC899D6D2}.Release|Any CPU.ActiveCfg = Release|Any CPU
		{A6815774-75A7-47B1-957E-273EC899D6D2}.Release|Any CPU.Build.0 = Release|Any CPU
		{0BA20CCC-C7CA-4C4D-9115-B264D90111E0}.Debug|Any CPU.ActiveCfg = Debug|Any CPU
		{0BA20CCC-C7CA-4C4D-9115-B264D90111E0}.Debug|Any CPU.Build.0 = Debug|Any CPU
		{0BA20CCC-C7CA-4C4D-9115-B264D90111E0}.Release|Any CPU.ActiveCfg = Release|Any CPU
		{0BA20CCC-C7CA-4C4D-9115-B264D90111E0}.Release|Any CPU.Build.0 = Release|Any CPU
		{B58457BD-BA36-4C6F-86B9-5F9E465E4DEF}.Debug|Any CPU.ActiveCfg = Debug|Any CPU
		{B58457BD-BA36-4C6F-86B9-5F9E465E4DEF}.Debug|Any CPU.Build.0 = Debug|Any CPU
		{B58457BD-BA36-4C6F-86B9-5F9E465E4DEF}.Release|Any CPU.ActiveCfg = Release|Any CPU
		{B58457BD-BA36-4C6F-86B9-5F9E465E4DEF}.Release|Any CPU.Build.0 = Release|Any CPU
		{9DFFA225-8D7A-4EFD-81C8-AC17DE163851}.Debug|Any CPU.ActiveCfg = Debug|Any CPU
		{9DFFA225-8D7A-4EFD-81C8-AC17DE163851}.Debug|Any CPU.Build.0 = Debug|Any CPU
		{9DFFA225-8D7A-4EFD-81C8-AC17DE163851}.Release|Any CPU.ActiveCfg = Release|Any CPU
		{9DFFA225-8D7A-4EFD-81C8-AC17DE163851}.Release|Any CPU.Build.0 = Release|Any CPU
		{FA30D137-18DA-4E19-BBEF-44B1FCA68A13}.Debug|Any CPU.ActiveCfg = Debug|Any CPU
		{FA30D137-18DA-4E19-BBEF-44B1FCA68A13}.Debug|Any CPU.Build.0 = Debug|Any CPU
		{FA30D137-18DA-4E19-BBEF-44B1FCA68A13}.Release|Any CPU.ActiveCfg = Release|Any CPU
		{FA30D137-18DA-4E19-BBEF-44B1FCA68A13}.Release|Any CPU.Build.0 = Release|Any CPU
		{F4762FDD-93AA-4189-BE85-F60CF45A54CD}.Debug|Any CPU.ActiveCfg = Debug|Any CPU
		{F4762FDD-93AA-4189-BE85-F60CF45A54CD}.Debug|Any CPU.Build.0 = Debug|Any CPU
		{F4762FDD-93AA-4189-BE85-F60CF45A54CD}.Release|Any CPU.ActiveCfg = Release|Any CPU
		{F4762FDD-93AA-4189-BE85-F60CF45A54CD}.Release|Any CPU.Build.0 = Release|Any CPU
		{A0FF6C59-97C2-4081-B60C-2728021CF7DB}.Debug|Any CPU.ActiveCfg = Debug|Any CPU
		{A0FF6C59-97C2-4081-B60C-2728021CF7DB}.Debug|Any CPU.Build.0 = Debug|Any CPU
		{A0FF6C59-97C2-4081-B60C-2728021CF7DB}.Release|Any CPU.ActiveCfg = Release|Any CPU
		{A0FF6C59-97C2-4081-B60C-2728021CF7DB}.Release|Any CPU.Build.0 = Release|Any CPU
		{9481F55D-06DA-4B73-A219-03C6940F8FD3}.Debug|Any CPU.ActiveCfg = Debug|Any CPU
		{9481F55D-06DA-4B73-A219-03C6940F8FD3}.Debug|Any CPU.Build.0 = Debug|Any CPU
		{9481F55D-06DA-4B73-A219-03C6940F8FD3}.Release|Any CPU.ActiveCfg = Release|Any CPU
		{9481F55D-06DA-4B73-A219-03C6940F8FD3}.Release|Any CPU.Build.0 = Release|Any CPU
		{69EC2EFA-3259-42B1-A284-ACC326F1D12F}.Debug|Any CPU.ActiveCfg = Debug|Any CPU
		{69EC2EFA-3259-42B1-A284-ACC326F1D12F}.Debug|Any CPU.Build.0 = Debug|Any CPU
		{69EC2EFA-3259-42B1-A284-ACC326F1D12F}.Release|Any CPU.ActiveCfg = Release|Any CPU
		{69EC2EFA-3259-42B1-A284-ACC326F1D12F}.Release|Any CPU.Build.0 = Release|Any CPU
		{78040E1C-C10A-4231-AEA4-6CE0E40F669E}.Debug|Any CPU.ActiveCfg = Debug|Any CPU
		{78040E1C-C10A-4231-AEA4-6CE0E40F669E}.Debug|Any CPU.Build.0 = Debug|Any CPU
		{78040E1C-C10A-4231-AEA4-6CE0E40F669E}.Release|Any CPU.ActiveCfg = Release|Any CPU
		{78040E1C-C10A-4231-AEA4-6CE0E40F669E}.Release|Any CPU.Build.0 = Release|Any CPU
		{3FC4C071-BF27-47E8-B6DF-74832622CA3E}.Debug|Any CPU.ActiveCfg = Debug|Any CPU
		{3FC4C071-BF27-47E8-B6DF-74832622CA3E}.Debug|Any CPU.Build.0 = Debug|Any CPU
		{3FC4C071-BF27-47E8-B6DF-74832622CA3E}.Release|Any CPU.ActiveCfg = Release|Any CPU
		{3FC4C071-BF27-47E8-B6DF-74832622CA3E}.Release|Any CPU.Build.0 = Release|Any CPU
		{27B1FEA1-B040-44B2-A069-13C60485514B}.Debug|Any CPU.ActiveCfg = Debug|Any CPU
		{27B1FEA1-B040-44B2-A069-13C60485514B}.Debug|Any CPU.Build.0 = Debug|Any CPU
		{27B1FEA1-B040-44B2-A069-13C60485514B}.Release|Any CPU.ActiveCfg = Release|Any CPU
		{27B1FEA1-B040-44B2-A069-13C60485514B}.Release|Any CPU.Build.0 = Release|Any CPU
		{4C0B2AF3-8A85-4ED7-B460-ED282E6DB72E}.Debug|Any CPU.ActiveCfg = Debug|Any CPU
		{4C0B2AF3-8A85-4ED7-B460-ED282E6DB72E}.Debug|Any CPU.Build.0 = Debug|Any CPU
		{4C0B2AF3-8A85-4ED7-B460-ED282E6DB72E}.Release|Any CPU.ActiveCfg = Release|Any CPU
		{4C0B2AF3-8A85-4ED7-B460-ED282E6DB72E}.Release|Any CPU.Build.0 = Release|Any CPU
		{43C01E51-8784-4E78-BA14-71BE1607CCA6}.Debug|Any CPU.ActiveCfg = Debug|Any CPU
		{43C01E51-8784-4E78-BA14-71BE1607CCA6}.Debug|Any CPU.Build.0 = Debug|Any CPU
		{43C01E51-8784-4E78-BA14-71BE1607CCA6}.Release|Any CPU.ActiveCfg = Release|Any CPU
		{43C01E51-8784-4E78-BA14-71BE1607CCA6}.Release|Any CPU.Build.0 = Release|Any CPU
		{58F62D94-4385-4AED-8731-166CE2E79941}.Debug|Any CPU.ActiveCfg = Debug|Any CPU
		{58F62D94-4385-4AED-8731-166CE2E79941}.Debug|Any CPU.Build.0 = Debug|Any CPU
		{58F62D94-4385-4AED-8731-166CE2E79941}.Release|Any CPU.ActiveCfg = Release|Any CPU
		{58F62D94-4385-4AED-8731-166CE2E79941}.Release|Any CPU.Build.0 = Release|Any CPU
		{F9E4EB01-D943-4D96-B375-70411BC3D04D}.Debug|Any CPU.ActiveCfg = Debug|Any CPU
		{F9E4EB01-D943-4D96-B375-70411BC3D04D}.Debug|Any CPU.Build.0 = Debug|Any CPU
		{F9E4EB01-D943-4D96-B375-70411BC3D04D}.Release|Any CPU.ActiveCfg = Release|Any CPU
		{F9E4EB01-D943-4D96-B375-70411BC3D04D}.Release|Any CPU.Build.0 = Release|Any CPU
		{68477A04-582D-45B8-AAFF-4EFCBC5CC911}.Debug|Any CPU.ActiveCfg = Debug|Any CPU
		{68477A04-582D-45B8-AAFF-4EFCBC5CC911}.Debug|Any CPU.Build.0 = Debug|Any CPU
		{68477A04-582D-45B8-AAFF-4EFCBC5CC911}.Release|Any CPU.ActiveCfg = Release|Any CPU
		{68477A04-582D-45B8-AAFF-4EFCBC5CC911}.Release|Any CPU.Build.0 = Release|Any CPU
		{DEED2362-1175-496D-A392-A70E9899358E}.Debug|Any CPU.ActiveCfg = Debug|Any CPU
		{DEED2362-1175-496D-A392-A70E9899358E}.Debug|Any CPU.Build.0 = Debug|Any CPU
		{DEED2362-1175-496D-A392-A70E9899358E}.Release|Any CPU.ActiveCfg = Release|Any CPU
		{DEED2362-1175-496D-A392-A70E9899358E}.Release|Any CPU.Build.0 = Release|Any CPU
		{1D807140-BC0C-4A71-9A2A-41B835F9B8CB}.Debug|Any CPU.ActiveCfg = Debug|Any CPU
		{1D807140-BC0C-4A71-9A2A-41B835F9B8CB}.Debug|Any CPU.Build.0 = Debug|Any CPU
		{1D807140-BC0C-4A71-9A2A-41B835F9B8CB}.Release|Any CPU.ActiveCfg = Release|Any CPU
		{1D807140-BC0C-4A71-9A2A-41B835F9B8CB}.Release|Any CPU.Build.0 = Release|Any CPU
		{AD895A2A-333F-44C8-9DA1-D70D84E6306B}.Debug|Any CPU.ActiveCfg = Debug|Any CPU
		{AD895A2A-333F-44C8-9DA1-D70D84E6306B}.Debug|Any CPU.Build.0 = Debug|Any CPU
		{AD895A2A-333F-44C8-9DA1-D70D84E6306B}.Release|Any CPU.ActiveCfg = Release|Any CPU
		{AD895A2A-333F-44C8-9DA1-D70D84E6306B}.Release|Any CPU.Build.0 = Release|Any CPU
		{3746C9F0-F9BE-4B1C-8EE9-3CA1563EA792}.Debug|Any CPU.ActiveCfg = Debug|Any CPU
		{3746C9F0-F9BE-4B1C-8EE9-3CA1563EA792}.Debug|Any CPU.Build.0 = Debug|Any CPU
		{3746C9F0-F9BE-4B1C-8EE9-3CA1563EA792}.Release|Any CPU.ActiveCfg = Release|Any CPU
		{3746C9F0-F9BE-4B1C-8EE9-3CA1563EA792}.Release|Any CPU.Build.0 = Release|Any CPU
		{4175C5ED-54F8-47EF-B0D5-BA39A40C179E}.Debug|Any CPU.ActiveCfg = Debug|Any CPU
		{4175C5ED-54F8-47EF-B0D5-BA39A40C179E}.Debug|Any CPU.Build.0 = Debug|Any CPU
		{4175C5ED-54F8-47EF-B0D5-BA39A40C179E}.Release|Any CPU.ActiveCfg = Release|Any CPU
		{4175C5ED-54F8-47EF-B0D5-BA39A40C179E}.Release|Any CPU.Build.0 = Release|Any CPU
		{C4908D22-FBB9-4A2E-9983-17AB4E3AAA6D}.Debug|Any CPU.ActiveCfg = Debug|Any CPU
		{C4908D22-FBB9-4A2E-9983-17AB4E3AAA6D}.Debug|Any CPU.Build.0 = Debug|Any CPU
		{C4908D22-FBB9-4A2E-9983-17AB4E3AAA6D}.Release|Any CPU.ActiveCfg = Release|Any CPU
		{C4908D22-FBB9-4A2E-9983-17AB4E3AAA6D}.Release|Any CPU.Build.0 = Release|Any CPU
		{8E52AF09-9378-4461-9A3E-4A516EF027D7}.Debug|Any CPU.ActiveCfg = Debug|Any CPU
		{8E52AF09-9378-4461-9A3E-4A516EF027D7}.Debug|Any CPU.Build.0 = Debug|Any CPU
		{8E52AF09-9378-4461-9A3E-4A516EF027D7}.Release|Any CPU.ActiveCfg = Release|Any CPU
		{8E52AF09-9378-4461-9A3E-4A516EF027D7}.Release|Any CPU.Build.0 = Release|Any CPU
		{3B959211-A63E-4C43-AA85-CB62AC518657}.Debug|Any CPU.ActiveCfg = Debug|Any CPU
		{3B959211-A63E-4C43-AA85-CB62AC518657}.Debug|Any CPU.Build.0 = Debug|Any CPU
		{3B959211-A63E-4C43-AA85-CB62AC518657}.Release|Any CPU.ActiveCfg = Release|Any CPU
		{3B959211-A63E-4C43-AA85-CB62AC518657}.Release|Any CPU.Build.0 = Release|Any CPU
		{8ED9E97A-A9B5-4EFA-910B-384B7840AB3F}.Debug|Any CPU.ActiveCfg = Debug|Any CPU
		{8ED9E97A-A9B5-4EFA-910B-384B7840AB3F}.Debug|Any CPU.Build.0 = Debug|Any CPU
		{8ED9E97A-A9B5-4EFA-910B-384B7840AB3F}.Release|Any CPU.ActiveCfg = Release|Any CPU
		{8ED9E97A-A9B5-4EFA-910B-384B7840AB3F}.Release|Any CPU.Build.0 = Release|Any CPU
		{D4CAA48D-3031-429A-AE4E-10DA9C717C38}.Debug|Any CPU.ActiveCfg = Debug|Any CPU
		{D4CAA48D-3031-429A-AE4E-10DA9C717C38}.Debug|Any CPU.Build.0 = Debug|Any CPU
		{D4CAA48D-3031-429A-AE4E-10DA9C717C38}.Release|Any CPU.ActiveCfg = Release|Any CPU
		{D4CAA48D-3031-429A-AE4E-10DA9C717C38}.Release|Any CPU.Build.0 = Release|Any CPU
		{61640196-4B68-4F9F-8E6C-9A8397B48AED}.Debug|Any CPU.ActiveCfg = Debug|Any CPU
		{61640196-4B68-4F9F-8E6C-9A8397B48AED}.Debug|Any CPU.Build.0 = Debug|Any CPU
		{61640196-4B68-4F9F-8E6C-9A8397B48AED}.Release|Any CPU.ActiveCfg = Release|Any CPU
		{61640196-4B68-4F9F-8E6C-9A8397B48AED}.Release|Any CPU.Build.0 = Release|Any CPU
		{FF09374D-361D-4ED1-B5F3-4D0092FF3CAF}.Debug|Any CPU.ActiveCfg = Debug|Any CPU
		{FF09374D-361D-4ED1-B5F3-4D0092FF3CAF}.Debug|Any CPU.Build.0 = Debug|Any CPU
		{FF09374D-361D-4ED1-B5F3-4D0092FF3CAF}.Release|Any CPU.ActiveCfg = Release|Any CPU
		{FF09374D-361D-4ED1-B5F3-4D0092FF3CAF}.Release|Any CPU.Build.0 = Release|Any CPU
		{3A926698-9D07-45ED-93C6-87A60D186A17}.Debug|Any CPU.ActiveCfg = Debug|Any CPU
		{3A926698-9D07-45ED-93C6-87A60D186A17}.Debug|Any CPU.Build.0 = Debug|Any CPU
		{3A926698-9D07-45ED-93C6-87A60D186A17}.Release|Any CPU.ActiveCfg = Release|Any CPU
		{3A926698-9D07-45ED-93C6-87A60D186A17}.Release|Any CPU.Build.0 = Release|Any CPU
		{5D986C87-77A1-41ED-90A2-10B11BCDB170}.Debug|Any CPU.ActiveCfg = Debug|Any CPU
		{5D986C87-77A1-41ED-90A2-10B11BCDB170}.Debug|Any CPU.Build.0 = Debug|Any CPU
		{5D986C87-77A1-41ED-90A2-10B11BCDB170}.Release|Any CPU.ActiveCfg = Release|Any CPU
		{5D986C87-77A1-41ED-90A2-10B11BCDB170}.Release|Any CPU.Build.0 = Release|Any CPU
		{1B40D769-2601-4B21-9A11-74BCC774F62D}.Debug|Any CPU.ActiveCfg = Debug|Any CPU
		{1B40D769-2601-4B21-9A11-74BCC774F62D}.Debug|Any CPU.Build.0 = Debug|Any CPU
		{1B40D769-2601-4B21-9A11-74BCC774F62D}.Release|Any CPU.ActiveCfg = Release|Any CPU
		{1B40D769-2601-4B21-9A11-74BCC774F62D}.Release|Any CPU.Build.0 = Release|Any CPU
		{39E72ED3-30F7-461E-AB46-4C17862CE255}.Debug|Any CPU.ActiveCfg = Debug|Any CPU
		{39E72ED3-30F7-461E-AB46-4C17862CE255}.Debug|Any CPU.Build.0 = Debug|Any CPU
		{39E72ED3-30F7-461E-AB46-4C17862CE255}.Release|Any CPU.ActiveCfg = Release|Any CPU
		{39E72ED3-30F7-461E-AB46-4C17862CE255}.Release|Any CPU.Build.0 = Release|Any CPU
		{6D78DF8B-380F-4E24-9B9C-F0BB11DF7635}.Debug|Any CPU.ActiveCfg = Debug|Any CPU
		{6D78DF8B-380F-4E24-9B9C-F0BB11DF7635}.Debug|Any CPU.Build.0 = Debug|Any CPU
		{6D78DF8B-380F-4E24-9B9C-F0BB11DF7635}.Release|Any CPU.ActiveCfg = Release|Any CPU
		{6D78DF8B-380F-4E24-9B9C-F0BB11DF7635}.Release|Any CPU.Build.0 = Release|Any CPU
		{23DAF25F-7301-40EC-88AD-C46D36CC00E3}.Debug|Any CPU.ActiveCfg = Debug|Any CPU
		{23DAF25F-7301-40EC-88AD-C46D36CC00E3}.Debug|Any CPU.Build.0 = Debug|Any CPU
		{23DAF25F-7301-40EC-88AD-C46D36CC00E3}.Release|Any CPU.ActiveCfg = Release|Any CPU
		{23DAF25F-7301-40EC-88AD-C46D36CC00E3}.Release|Any CPU.Build.0 = Release|Any CPU
		{6B8A4500-09D3-4992-B7CF-65FE5FB39E4C}.Debug|Any CPU.ActiveCfg = Debug|Any CPU
		{6B8A4500-09D3-4992-B7CF-65FE5FB39E4C}.Debug|Any CPU.Build.0 = Debug|Any CPU
		{6B8A4500-09D3-4992-B7CF-65FE5FB39E4C}.Release|Any CPU.ActiveCfg = Release|Any CPU
		{6B8A4500-09D3-4992-B7CF-65FE5FB39E4C}.Release|Any CPU.Build.0 = Release|Any CPU
		{F1469D06-6C59-4E12-9939-3E245986644A}.Debug|Any CPU.ActiveCfg = Debug|Any CPU
		{F1469D06-6C59-4E12-9939-3E245986644A}.Debug|Any CPU.Build.0 = Debug|Any CPU
		{F1469D06-6C59-4E12-9939-3E245986644A}.Release|Any CPU.ActiveCfg = Release|Any CPU
		{F1469D06-6C59-4E12-9939-3E245986644A}.Release|Any CPU.Build.0 = Release|Any CPU
		{4624A2F7-CF5A-4C0D-8F65-F709A88645D9}.Debug|Any CPU.ActiveCfg = Debug|Any CPU
		{4624A2F7-CF5A-4C0D-8F65-F709A88645D9}.Debug|Any CPU.Build.0 = Debug|Any CPU
		{4624A2F7-CF5A-4C0D-8F65-F709A88645D9}.Release|Any CPU.ActiveCfg = Release|Any CPU
		{4624A2F7-CF5A-4C0D-8F65-F709A88645D9}.Release|Any CPU.Build.0 = Release|Any CPU
		{14DF574C-1E02-48B0-BC5B-EB1EBF11767D}.Debug|Any CPU.ActiveCfg = Debug|Any CPU
		{14DF574C-1E02-48B0-BC5B-EB1EBF11767D}.Debug|Any CPU.Build.0 = Debug|Any CPU
		{14DF574C-1E02-48B0-BC5B-EB1EBF11767D}.Release|Any CPU.ActiveCfg = Release|Any CPU
		{14DF574C-1E02-48B0-BC5B-EB1EBF11767D}.Release|Any CPU.Build.0 = Release|Any CPU
		{8BAC0094-FAE4-44C4-A038-2FB9FD3DB2CA}.Debug|Any CPU.ActiveCfg = Debug|Any CPU
		{8BAC0094-FAE4-44C4-A038-2FB9FD3DB2CA}.Debug|Any CPU.Build.0 = Debug|Any CPU
		{8BAC0094-FAE4-44C4-A038-2FB9FD3DB2CA}.Release|Any CPU.ActiveCfg = Release|Any CPU
		{8BAC0094-FAE4-44C4-A038-2FB9FD3DB2CA}.Release|Any CPU.Build.0 = Release|Any CPU
		{A31BF284-1189-49C8-9D57-AF9D96DD7629}.Debug|Any CPU.ActiveCfg = Debug|Any CPU
		{A31BF284-1189-49C8-9D57-AF9D96DD7629}.Debug|Any CPU.Build.0 = Debug|Any CPU
		{A31BF284-1189-49C8-9D57-AF9D96DD7629}.Release|Any CPU.ActiveCfg = Release|Any CPU
		{A31BF284-1189-49C8-9D57-AF9D96DD7629}.Release|Any CPU.Build.0 = Release|Any CPU
		{2DD8ADE3-B9A4-4D1D-A8AF-5A7F4FF4889E}.Debug|Any CPU.ActiveCfg = Debug|Any CPU
		{2DD8ADE3-B9A4-4D1D-A8AF-5A7F4FF4889E}.Debug|Any CPU.Build.0 = Debug|Any CPU
		{2DD8ADE3-B9A4-4D1D-A8AF-5A7F4FF4889E}.Release|Any CPU.ActiveCfg = Release|Any CPU
		{2DD8ADE3-B9A4-4D1D-A8AF-5A7F4FF4889E}.Release|Any CPU.Build.0 = Release|Any CPU
		{F1A243DD-06D6-4D87-A6DF-855C2835450F}.Debug|Any CPU.ActiveCfg = Debug|Any CPU
		{F1A243DD-06D6-4D87-A6DF-855C2835450F}.Debug|Any CPU.Build.0 = Debug|Any CPU
		{F1A243DD-06D6-4D87-A6DF-855C2835450F}.Release|Any CPU.ActiveCfg = Release|Any CPU
		{F1A243DD-06D6-4D87-A6DF-855C2835450F}.Release|Any CPU.Build.0 = Release|Any CPU
		{6EF2AF7B-E1CE-4DED-9FEB-E5177BB76065}.Debug|Any CPU.ActiveCfg = Debug|Any CPU
		{6EF2AF7B-E1CE-4DED-9FEB-E5177BB76065}.Debug|Any CPU.Build.0 = Debug|Any CPU
		{6EF2AF7B-E1CE-4DED-9FEB-E5177BB76065}.Release|Any CPU.ActiveCfg = Release|Any CPU
		{6EF2AF7B-E1CE-4DED-9FEB-E5177BB76065}.Release|Any CPU.Build.0 = Release|Any CPU
		{48659079-E89D-4A8C-B4B1-1EED17B84913}.Debug|Any CPU.ActiveCfg = Debug|Any CPU
		{48659079-E89D-4A8C-B4B1-1EED17B84913}.Debug|Any CPU.Build.0 = Debug|Any CPU
		{48659079-E89D-4A8C-B4B1-1EED17B84913}.Release|Any CPU.ActiveCfg = Release|Any CPU
		{48659079-E89D-4A8C-B4B1-1EED17B84913}.Release|Any CPU.Build.0 = Release|Any CPU
	EndGlobalSection
	GlobalSection(SolutionProperties) = preSolution
		HideSolutionNode = FALSE
	EndGlobalSection
	GlobalSection(NestedProjects) = preSolution
		{902AF707-AFC6-40DE-9334-47081FBFAF97} = {D3144577-E4FF-4B60-A299-E86B8F01017F}
		{B0FD39CE-2117-415D-93F4-C8FB5192E796} = {D3144577-E4FF-4B60-A299-E86B8F01017F}
		{33719456-6BAB-47A5-84F4-C612C7E93A6B} = {D3144577-E4FF-4B60-A299-E86B8F01017F}
		{6D8D2E3F-EE1D-4CC4-AE4F-7462696549F1} = {D3144577-E4FF-4B60-A299-E86B8F01017F}
		{CCA7D29E-F596-4B9F-B226-FD3ED104AC28} = {D3144577-E4FF-4B60-A299-E86B8F01017F}
		{E4EA64C3-57AE-4F3D-992A-21D507F8570F} = {D3144577-E4FF-4B60-A299-E86B8F01017F}
		{6B771C62-7938-4535-91A9-F4AE1C73DDC4} = {D3144577-E4FF-4B60-A299-E86B8F01017F}
		{F0B68D66-B4DC-4C52-8282-88D244619186} = {D3144577-E4FF-4B60-A299-E86B8F01017F}
		{A5762548-04D1-4FFB-99CA-22F728AFF7DC} = {6AE85D2D-5AD3-4196-AA71-EB6CA42DF388}
		{09A14C65-D13E-44ED-9D4D-26A1DC373929} = {6AE85D2D-5AD3-4196-AA71-EB6CA42DF388}
		{6B871A53-73F2-4366-AB12-D67A8EF224C1} = {A5762548-04D1-4FFB-99CA-22F728AFF7DC}
		{7C4A4CA9-F327-479B-8E28-E64ABAE77091} = {A5762548-04D1-4FFB-99CA-22F728AFF7DC}
		{0F67603C-702E-4967-9091-3D2E370CA61C} = {A5762548-04D1-4FFB-99CA-22F728AFF7DC}
		{CB2F41C9-4900-47C1-87D5-18F1717EFF54} = {A5762548-04D1-4FFB-99CA-22F728AFF7DC}
		{982A0884-B746-4E61-96A5-7780B64F7FD9} = {D3144577-E4FF-4B60-A299-E86B8F01017F}
		{A6815774-75A7-47B1-957E-273EC899D6D2} = {A5762548-04D1-4FFB-99CA-22F728AFF7DC}
		{0BA20CCC-C7CA-4C4D-9115-B264D90111E0} = {D3144577-E4FF-4B60-A299-E86B8F01017F}
		{B58457BD-BA36-4C6F-86B9-5F9E465E4DEF} = {D3144577-E4FF-4B60-A299-E86B8F01017F}
		{9DFFA225-8D7A-4EFD-81C8-AC17DE163851} = {D3144577-E4FF-4B60-A299-E86B8F01017F}
		{FA30D137-18DA-4E19-BBEF-44B1FCA68A13} = {D3144577-E4FF-4B60-A299-E86B8F01017F}
		{F4762FDD-93AA-4189-BE85-F60CF45A54CD} = {D3144577-E4FF-4B60-A299-E86B8F01017F}
		{A0FF6C59-97C2-4081-B60C-2728021CF7DB} = {D3144577-E4FF-4B60-A299-E86B8F01017F}
		{9481F55D-06DA-4B73-A219-03C6940F8FD3} = {A5762548-04D1-4FFB-99CA-22F728AFF7DC}
		{69EC2EFA-3259-42B1-A284-ACC326F1D12F} = {A5762548-04D1-4FFB-99CA-22F728AFF7DC}
		{78040E1C-C10A-4231-AEA4-6CE0E40F669E} = {A5762548-04D1-4FFB-99CA-22F728AFF7DC}
		{3FC4C071-BF27-47E8-B6DF-74832622CA3E} = {09A14C65-D13E-44ED-9D4D-26A1DC373929}
		{27B1FEA1-B040-44B2-A069-13C60485514B} = {A5762548-04D1-4FFB-99CA-22F728AFF7DC}
		{4C0B2AF3-8A85-4ED7-B460-ED282E6DB72E} = {D3144577-E4FF-4B60-A299-E86B8F01017F}
		{43C01E51-8784-4E78-BA14-71BE1607CCA6} = {D3144577-E4FF-4B60-A299-E86B8F01017F}
		{58F62D94-4385-4AED-8731-166CE2E79941} = {09A14C65-D13E-44ED-9D4D-26A1DC373929}
		{F9E4EB01-D943-4D96-B375-70411BC3D04D} = {D3144577-E4FF-4B60-A299-E86B8F01017F}
		{68477A04-582D-45B8-AAFF-4EFCBC5CC911} = {D3144577-E4FF-4B60-A299-E86B8F01017F}
		{DEED2362-1175-496D-A392-A70E9899358E} = {A5762548-04D1-4FFB-99CA-22F728AFF7DC}
		{1D807140-BC0C-4A71-9A2A-41B835F9B8CB} = {A5762548-04D1-4FFB-99CA-22F728AFF7DC}
		{AD895A2A-333F-44C8-9DA1-D70D84E6306B} = {A5762548-04D1-4FFB-99CA-22F728AFF7DC}
		{3746C9F0-F9BE-4B1C-8EE9-3CA1563EA792} = {A5762548-04D1-4FFB-99CA-22F728AFF7DC}
		{4175C5ED-54F8-47EF-B0D5-BA39A40C179E} = {D3144577-E4FF-4B60-A299-E86B8F01017F}
		{C4908D22-FBB9-4A2E-9983-17AB4E3AAA6D} = {D3144577-E4FF-4B60-A299-E86B8F01017F}
		{8E52AF09-9378-4461-9A3E-4A516EF027D7} = {09A14C65-D13E-44ED-9D4D-26A1DC373929}
		{3B959211-A63E-4C43-AA85-CB62AC518657} = {D3144577-E4FF-4B60-A299-E86B8F01017F}
		{8ED9E97A-A9B5-4EFA-910B-384B7840AB3F} = {09A14C65-D13E-44ED-9D4D-26A1DC373929}
		{D4CAA48D-3031-429A-AE4E-10DA9C717C38} = {A5762548-04D1-4FFB-99CA-22F728AFF7DC}
		{61640196-4B68-4F9F-8E6C-9A8397B48AED} = {A5762548-04D1-4FFB-99CA-22F728AFF7DC}
		{FF09374D-361D-4ED1-B5F3-4D0092FF3CAF} = {D3144577-E4FF-4B60-A299-E86B8F01017F}
		{3A926698-9D07-45ED-93C6-87A60D186A17} = {D3144577-E4FF-4B60-A299-E86B8F01017F}
		{5D986C87-77A1-41ED-90A2-10B11BCDB170} = {A5762548-04D1-4FFB-99CA-22F728AFF7DC}
		{1B40D769-2601-4B21-9A11-74BCC774F62D} = {A5762548-04D1-4FFB-99CA-22F728AFF7DC}
		{39E72ED3-30F7-461E-AB46-4C17862CE255} = {D3144577-E4FF-4B60-A299-E86B8F01017F}
		{6D78DF8B-380F-4E24-9B9C-F0BB11DF7635} = {D3144577-E4FF-4B60-A299-E86B8F01017F}
		{23DAF25F-7301-40EC-88AD-C46D36CC00E3} = {09A14C65-D13E-44ED-9D4D-26A1DC373929}
		{6B8A4500-09D3-4992-B7CF-65FE5FB39E4C} = {D3144577-E4FF-4B60-A299-E86B8F01017F}
		{F1469D06-6C59-4E12-9939-3E245986644A} = {D3144577-E4FF-4B60-A299-E86B8F01017F}
		{4624A2F7-CF5A-4C0D-8F65-F709A88645D9} = {D3144577-E4FF-4B60-A299-E86B8F01017F}
		{14DF574C-1E02-48B0-BC5B-EB1EBF11767D} = {D3144577-E4FF-4B60-A299-E86B8F01017F}
		{8BAC0094-FAE4-44C4-A038-2FB9FD3DB2CA} = {D3144577-E4FF-4B60-A299-E86B8F01017F}
		{A31BF284-1189-49C8-9D57-AF9D96DD7629} = {D3144577-E4FF-4B60-A299-E86B8F01017F}
		{2DD8ADE3-B9A4-4D1D-A8AF-5A7F4FF4889E} = {09A14C65-D13E-44ED-9D4D-26A1DC373929}
		{F1A243DD-06D6-4D87-A6DF-855C2835450F} = {A5762548-04D1-4FFB-99CA-22F728AFF7DC}
		{6EF2AF7B-E1CE-4DED-9FEB-E5177BB76065} = {A5762548-04D1-4FFB-99CA-22F728AFF7DC}
		{48659079-E89D-4A8C-B4B1-1EED17B84913} = {D3144577-E4FF-4B60-A299-E86B8F01017F}
		{88B2EC95-86D4-46C2-860E-AD327D0F27CF} = {25E76D5C-21AF-496B-A634-B3A61191A197}
	EndGlobalSection
	GlobalSection(ExtensibilityGlobals) = postSolution
		SolutionGuid = {9E10C114-A98F-4FCC-BCB7-528DEA8B47B5}
	EndGlobalSection
EndGlobal
