
Microsoft Visual Studio Solution File, Format Version 12.00
# Visual Studio Version 16
VisualStudioVersion = 16.0.30011.22
MinimumVisualStudioVersion = 10.0.40219.1
Project("{9A19103F-16F7-4668-BE54-9A1E7A4F7556}") = "Syrx.Settings", "src\Syrx.Settings\Syrx.Settings.csproj", "{902AF707-AFC6-40DE-9334-47081FBFAF97}"
EndProject
Project("{9A19103F-16F7-4668-BE54-9A1E7A4F7556}") = "Syrx.Readers", "src\Syrx.Readers\Syrx.Readers.csproj", "{B0FD39CE-2117-415D-93F4-C8FB5192E796}"
EndProject
Project("{9A19103F-16F7-4668-BE54-9A1E7A4F7556}") = "Syrx.Connectors", "src\Syrx.Connectors\Syrx.Connectors.csproj", "{33719456-6BAB-47A5-84F4-C612C7E93A6B}"
EndProject
Project("{9A19103F-16F7-4668-BE54-9A1E7A4F7556}") = "Syrx", "src\Syrx\Syrx.csproj", "{6D8D2E3F-EE1D-4CC4-AE4F-7462696549F1}"
EndProject
Project("{2150E333-8FDC-42A3-9474-1A3956D46DE8}") = "docs", "docs", "{C701ED5F-4C3A-4232-AD4C-6DB10E84CEEB}"
EndProject
Project("{2150E333-8FDC-42A3-9474-1A3956D46DE8}") = "src", "src", "{D3144577-E4FF-4B60-A299-E86B8F01017F}"
EndProject
Project("{2150E333-8FDC-42A3-9474-1A3956D46DE8}") = "tests", "tests", "{6AE85D2D-5AD3-4196-AA71-EB6CA42DF388}"
EndProject
Project("{2150E333-8FDC-42A3-9474-1A3956D46DE8}") = "databases", "databases", "{4597AD2F-F1FC-4C9D-AB6E-83F88CD73FE4}"
EndProject
Project("{9A19103F-16F7-4668-BE54-9A1E7A4F7556}") = "Syrx.Settings.Databases", "..\Syrx.Databases\src\Syrx.Settings.Databases\Syrx.Settings.Databases.csproj", "{F3A100A3-1F95-4EEC-A5DF-5D6CF68B9624}"
EndProject
Project("{9A19103F-16F7-4668-BE54-9A1E7A4F7556}") = "Syrx.Readers.Databases", "..\Syrx.Databases\src\Syrx.Readers.Databases\Syrx.Readers.Databases.csproj", "{94703A84-8D2F-4CE1-B287-51BD9405C1EA}"
EndProject
Project("{9A19103F-16F7-4668-BE54-9A1E7A4F7556}") = "Syrx.Connectors.Databases", "..\Syrx.Databases\src\Syrx.Connectors.Databases\Syrx.Connectors.Databases.csproj", "{1457687D-958F-445B-9D25-AF8D9C4D5D86}"
EndProject
Project("{9A19103F-16F7-4668-BE54-9A1E7A4F7556}") = "Syrx.Commanders.Databases", "..\Syrx.Databases\src\Syrx.Commanders.Databases\Syrx.Commanders.Databases.csproj", "{31C84D43-6586-49B4-95A1-8A62A03A967A}"
EndProject
Project("{2150E333-8FDC-42A3-9474-1A3956D46DE8}") = "databases", "databases", "{B2888BB1-B8DC-4B85-A972-E37543D73E19}"
EndProject
Project("{2150E333-8FDC-42A3-9474-1A3956D46DE8}") = "unit", "unit", "{30AD8CC9-76D7-4179-A9E4-1B16FA1C8626}"
EndProject
Project("{9A19103F-16F7-4668-BE54-9A1E7A4F7556}") = "Syrx.Connectors.Databases.Unit.Tests", "..\Syrx.Databases\Tests\Syrx.Connectors.Databases.Unit.Tests\Syrx.Connectors.Databases.Unit.Tests.csproj", "{272BD9DC-C5C3-4CB9-9438-D5292C7A7CF0}"
EndProject
Project("{9A19103F-16F7-4668-BE54-9A1E7A4F7556}") = "Syrx.Readers.Databases.Unit.Tests", "..\Syrx.Databases\Tests\Syrx.Readers.Databases.Unit.Tests\Syrx.Readers.Databases.Unit.Tests.csproj", "{AE911526-C354-4F67-9C54-D9A6DE12034E}"
EndProject
Project("{2150E333-8FDC-42A3-9474-1A3956D46DE8}") = "integation", "integation", "{5345CFE0-3415-4B7F-A64C-3CA5D2240187}"
EndProject
Project("{9A19103F-16F7-4668-BE54-9A1E7A4F7556}") = "Syrx.Settings.Databases.Unit.Tests", "..\Syrx.Databases\Tests\Syrx.Settings.Databases.Unit.Tests\Syrx.Settings.Databases.Unit.Tests.csproj", "{057F50E6-7BF5-40CE-BEDA-B8CF6E90E7C3}"
EndProject
Project("{9A19103F-16F7-4668-BE54-9A1E7A4F7556}") = "Syrx.Settings.Databases.Serialization.Integration.Tests", "..\Syrx.Databases\Tests\Syrx.Settings.Databases.Serialization.Integration.Tests\Syrx.Settings.Databases.Serialization.Integration.Tests.csproj", "{74C1223D-FEDF-4DA3-AC3E-FB92E1C7F327}"
EndProject
Project("{2150E333-8FDC-42A3-9474-1A3956D46DE8}") = "Npgsql", "Npgsql", "{FFC23FED-E4C8-4426-8FBA-FC94F442E781}"
EndProject
Project("{2150E333-8FDC-42A3-9474-1A3956D46DE8}") = "MySql", "MySql", "{175F8A56-228C-40A9-9A21-73713B2E59D6}"
EndProject
Project("{2150E333-8FDC-42A3-9474-1A3956D46DE8}") = "SqlServer", "SqlServer", "{5605E25F-8A52-4C6F-A3C5-75F5A3B06AAA}"
EndProject
Project("{9A19103F-16F7-4668-BE54-9A1E7A4F7556}") = "Syrx.Connectors.Databases.MySql", "..\Syrx.MySql\src\Syrx.Connectors.Databases.MySql\Syrx.Connectors.Databases.MySql.csproj", "{BB0AAF5F-FFDA-4B45-A99D-6EECA5B0DC75}"
EndProject
Project("{9A19103F-16F7-4668-BE54-9A1E7A4F7556}") = "Syrx.Connectors.Databases.Npgsql", "..\Syrx.Npgsql\src\Syrx.Connectors.Databases.Npgsql\Syrx.Connectors.Databases.Npgsql.csproj", "{5BD4A4DB-0A71-4CFA-B8C3-63CF26D00F63}"
EndProject
Project("{9A19103F-16F7-4668-BE54-9A1E7A4F7556}") = "Syrx.Connectors.Databases.SqlServer", "..\Syrx.SqlServer\src\Syrx.Connectors.Databases.SqlServer\Syrx.Connectors.Databases.SqlServer.csproj", "{304C2907-F331-444A-80B1-12E265DD059E}"
EndProject
Project("{9A19103F-16F7-4668-BE54-9A1E7A4F7556}") = "Syrx.Tests.Models", "..\Syrx.SqlServer\tests\Syrx.Tests.Models\Syrx.Tests.Models.csproj", "{9277E36D-67E1-45C1-A8BB-71A42BF33F1D}"
EndProject
Project("{2150E333-8FDC-42A3-9474-1A3956D46DE8}") = "shared", "shared", "{B46AC80D-CDBD-429A-8C5A-616C0B783675}"
EndProject
Project("{9A19103F-16F7-4668-BE54-9A1E7A4F7556}") = "Syrx.Tests.Common", "..\Syrx.SqlServer\tests\Syrx.Tests.Common\Syrx.Tests.Common.csproj", "{EE3FB909-1C40-4442-A38E-2E9F848BBBD8}"
EndProject
Project("{9A19103F-16F7-4668-BE54-9A1E7A4F7556}") = "Syrx.Commanders.Databases.Integration.Tests", "..\Syrx.SqlServer\tests\Syrx.Commanders.Databases.Integration.Tests\Syrx.Commanders.Databases.Integration.Tests.csproj", "{26A74B4D-AF18-4277-AD28-7706E9B54E42}"
EndProject
Project("{9A19103F-16F7-4668-BE54-9A1E7A4F7556}") = "Syrx.Connectors.Databases.SqlServer.Unit.Tests", "..\Syrx.SqlServer\tests\Syrx.Connectors.Databases.SqlServer.Unit.Tests\Syrx.Connectors.Databases.SqlServer.Unit.Tests.csproj", "{7F2E7466-75A2-4EAC-B766-340BB1410B76}"
EndProject
Project("{9A19103F-16F7-4668-BE54-9A1E7A4F7556}") = "Syrx.SqlServer.Integration.Tests", "..\Syrx.SqlServer\tests\Syrx.SqlServer.Integration.Tests\Syrx.SqlServer.Integration.Tests.csproj", "{C687545F-93EB-45E7-9840-12A3F3687BD0}"
EndProject
Project("{9A19103F-16F7-4668-BE54-9A1E7A4F7556}") = "Syrx.SqlServer", "..\Syrx.SqlServer\src\Syrx.SqlServer\Syrx.SqlServer.csproj", "{C01AF4E5-0896-4861-BCFC-35C009B08F3D}"
EndProject
Project("{2150E333-8FDC-42A3-9474-1A3956D46DE8}") = "connectors", "connectors", "{027FF29E-849F-4F93-95DA-1D6BAA7B38BB}"
EndProject
Project("{9A19103F-16F7-4668-BE54-9A1E7A4F7556}") = "Syrx.Npgsql", "..\Syrx.Npgsql\src\Syrx.Npgsql\Syrx.Npgsql.csproj", "{44AC1B4D-39F7-4188-98A9-7F627CD04AA3}"
EndProject
Project("{9A19103F-16F7-4668-BE54-9A1E7A4F7556}") = "Syrx.Connectors.Databases.Npgsql.Unit.Tests", "..\Syrx.Npgsql\Tests\Syrx.Connectors.Databases.Npgsql.Unit.Tests\Syrx.Connectors.Databases.Npgsql.Unit.Tests.csproj", "{7DE00AC9-8C99-46F8-8466-CA6422947872}"
EndProject
Project("{9A19103F-16F7-4668-BE54-9A1E7A4F7556}") = "Syrx.Npgsql.Integration.Tests", "..\Syrx.Npgsql\Tests\Syrx.Npgsql.Integration.Tests\Syrx.Npgsql.Integration.Tests.csproj", "{BAA45E85-291C-4BE8-AE2D-2F23A9687516}"
EndProject
Project("{9A19103F-16F7-4668-BE54-9A1E7A4F7556}") = "Syrx.MySql", "..\Syrx.MySql\src\Syrx.MySql\Syrx.MySql.csproj", "{97F9E56E-B5BC-4EE2-A199-F548ADDC5F4D}"
EndProject
Project("{9A19103F-16F7-4668-BE54-9A1E7A4F7556}") = "Syrx.MySql.Integration.Tests", "..\Syrx.MySql\Tests\Syrx.MySql.Integration.Tests\Syrx.MySql.Integration.Tests.csproj", "{B970E88D-C2F2-440A-B1E6-283DB82343C3}"
EndProject
Global
	GlobalSection(SolutionConfigurationPlatforms) = preSolution
		Debug|Any CPU = Debug|Any CPU
		Release|Any CPU = Release|Any CPU
	EndGlobalSection
	GlobalSection(ProjectConfigurationPlatforms) = postSolution
		{902AF707-AFC6-40DE-9334-47081FBFAF97}.Debug|Any CPU.ActiveCfg = Debug|Any CPU
		{902AF707-AFC6-40DE-9334-47081FBFAF97}.Debug|Any CPU.Build.0 = Debug|Any CPU
		{902AF707-AFC6-40DE-9334-47081FBFAF97}.Release|Any CPU.ActiveCfg = Release|Any CPU
		{902AF707-AFC6-40DE-9334-47081FBFAF97}.Release|Any CPU.Build.0 = Release|Any CPU
		{B0FD39CE-2117-415D-93F4-C8FB5192E796}.Debug|Any CPU.ActiveCfg = Debug|Any CPU
		{B0FD39CE-2117-415D-93F4-C8FB5192E796}.Debug|Any CPU.Build.0 = Debug|Any CPU
		{B0FD39CE-2117-415D-93F4-C8FB5192E796}.Release|Any CPU.ActiveCfg = Release|Any CPU
		{B0FD39CE-2117-415D-93F4-C8FB5192E796}.Release|Any CPU.Build.0 = Release|Any CPU
		{33719456-6BAB-47A5-84F4-C612C7E93A6B}.Debug|Any CPU.ActiveCfg = Debug|Any CPU
		{33719456-6BAB-47A5-84F4-C612C7E93A6B}.Debug|Any CPU.Build.0 = Debug|Any CPU
		{33719456-6BAB-47A5-84F4-C612C7E93A6B}.Release|Any CPU.ActiveCfg = Release|Any CPU
		{33719456-6BAB-47A5-84F4-C612C7E93A6B}.Release|Any CPU.Build.0 = Release|Any CPU
		{6D8D2E3F-EE1D-4CC4-AE4F-7462696549F1}.Debug|Any CPU.ActiveCfg = Debug|Any CPU
		{6D8D2E3F-EE1D-4CC4-AE4F-7462696549F1}.Debug|Any CPU.Build.0 = Debug|Any CPU
		{6D8D2E3F-EE1D-4CC4-AE4F-7462696549F1}.Release|Any CPU.ActiveCfg = Release|Any CPU
		{6D8D2E3F-EE1D-4CC4-AE4F-7462696549F1}.Release|Any CPU.Build.0 = Release|Any CPU
		{F3A100A3-1F95-4EEC-A5DF-5D6CF68B9624}.Debug|Any CPU.ActiveCfg = Debug|Any CPU
		{F3A100A3-1F95-4EEC-A5DF-5D6CF68B9624}.Debug|Any CPU.Build.0 = Debug|Any CPU
		{F3A100A3-1F95-4EEC-A5DF-5D6CF68B9624}.Release|Any CPU.ActiveCfg = Release|Any CPU
		{F3A100A3-1F95-4EEC-A5DF-5D6CF68B9624}.Release|Any CPU.Build.0 = Release|Any CPU
		{94703A84-8D2F-4CE1-B287-51BD9405C1EA}.Debug|Any CPU.ActiveCfg = Debug|Any CPU
		{94703A84-8D2F-4CE1-B287-51BD9405C1EA}.Debug|Any CPU.Build.0 = Debug|Any CPU
		{94703A84-8D2F-4CE1-B287-51BD9405C1EA}.Release|Any CPU.ActiveCfg = Release|Any CPU
		{94703A84-8D2F-4CE1-B287-51BD9405C1EA}.Release|Any CPU.Build.0 = Release|Any CPU
		{1457687D-958F-445B-9D25-AF8D9C4D5D86}.Debug|Any CPU.ActiveCfg = Debug|Any CPU
		{1457687D-958F-445B-9D25-AF8D9C4D5D86}.Debug|Any CPU.Build.0 = Debug|Any CPU
		{1457687D-958F-445B-9D25-AF8D9C4D5D86}.Release|Any CPU.ActiveCfg = Release|Any CPU
		{1457687D-958F-445B-9D25-AF8D9C4D5D86}.Release|Any CPU.Build.0 = Release|Any CPU
		{31C84D43-6586-49B4-95A1-8A62A03A967A}.Debug|Any CPU.ActiveCfg = Debug|Any CPU
		{31C84D43-6586-49B4-95A1-8A62A03A967A}.Debug|Any CPU.Build.0 = Debug|Any CPU
		{31C84D43-6586-49B4-95A1-8A62A03A967A}.Release|Any CPU.ActiveCfg = Release|Any CPU
		{31C84D43-6586-49B4-95A1-8A62A03A967A}.Release|Any CPU.Build.0 = Release|Any CPU
		{272BD9DC-C5C3-4CB9-9438-D5292C7A7CF0}.Debug|Any CPU.ActiveCfg = Debug|Any CPU
		{272BD9DC-C5C3-4CB9-9438-D5292C7A7CF0}.Debug|Any CPU.Build.0 = Debug|Any CPU
		{272BD9DC-C5C3-4CB9-9438-D5292C7A7CF0}.Release|Any CPU.ActiveCfg = Release|Any CPU
		{272BD9DC-C5C3-4CB9-9438-D5292C7A7CF0}.Release|Any CPU.Build.0 = Release|Any CPU
		{AE911526-C354-4F67-9C54-D9A6DE12034E}.Debug|Any CPU.ActiveCfg = Debug|Any CPU
		{AE911526-C354-4F67-9C54-D9A6DE12034E}.Debug|Any CPU.Build.0 = Debug|Any CPU
		{AE911526-C354-4F67-9C54-D9A6DE12034E}.Release|Any CPU.ActiveCfg = Release|Any CPU
		{AE911526-C354-4F67-9C54-D9A6DE12034E}.Release|Any CPU.Build.0 = Release|Any CPU
		{057F50E6-7BF5-40CE-BEDA-B8CF6E90E7C3}.Debug|Any CPU.ActiveCfg = Debug|Any CPU
		{057F50E6-7BF5-40CE-BEDA-B8CF6E90E7C3}.Debug|Any CPU.Build.0 = Debug|Any CPU
		{057F50E6-7BF5-40CE-BEDA-B8CF6E90E7C3}.Release|Any CPU.ActiveCfg = Release|Any CPU
		{057F50E6-7BF5-40CE-BEDA-B8CF6E90E7C3}.Release|Any CPU.Build.0 = Release|Any CPU
		{74C1223D-FEDF-4DA3-AC3E-FB92E1C7F327}.Debug|Any CPU.ActiveCfg = Debug|Any CPU
		{74C1223D-FEDF-4DA3-AC3E-FB92E1C7F327}.Debug|Any CPU.Build.0 = Debug|Any CPU
		{74C1223D-FEDF-4DA3-AC3E-FB92E1C7F327}.Release|Any CPU.ActiveCfg = Release|Any CPU
		{74C1223D-FEDF-4DA3-AC3E-FB92E1C7F327}.Release|Any CPU.Build.0 = Release|Any CPU
		{BB0AAF5F-FFDA-4B45-A99D-6EECA5B0DC75}.Debug|Any CPU.ActiveCfg = Debug|Any CPU
		{BB0AAF5F-FFDA-4B45-A99D-6EECA5B0DC75}.Debug|Any CPU.Build.0 = Debug|Any CPU
		{BB0AAF5F-FFDA-4B45-A99D-6EECA5B0DC75}.Release|Any CPU.ActiveCfg = Release|Any CPU
		{BB0AAF5F-FFDA-4B45-A99D-6EECA5B0DC75}.Release|Any CPU.Build.0 = Release|Any CPU
		{5BD4A4DB-0A71-4CFA-B8C3-63CF26D00F63}.Debug|Any CPU.ActiveCfg = Debug|Any CPU
		{5BD4A4DB-0A71-4CFA-B8C3-63CF26D00F63}.Debug|Any CPU.Build.0 = Debug|Any CPU
		{5BD4A4DB-0A71-4CFA-B8C3-63CF26D00F63}.Release|Any CPU.ActiveCfg = Release|Any CPU
		{5BD4A4DB-0A71-4CFA-B8C3-63CF26D00F63}.Release|Any CPU.Build.0 = Release|Any CPU
		{304C2907-F331-444A-80B1-12E265DD059E}.Debug|Any CPU.ActiveCfg = Debug|Any CPU
		{304C2907-F331-444A-80B1-12E265DD059E}.Debug|Any CPU.Build.0 = Debug|Any CPU
		{304C2907-F331-444A-80B1-12E265DD059E}.Release|Any CPU.ActiveCfg = Release|Any CPU
		{304C2907-F331-444A-80B1-12E265DD059E}.Release|Any CPU.Build.0 = Release|Any CPU
		{9277E36D-67E1-45C1-A8BB-71A42BF33F1D}.Debug|Any CPU.ActiveCfg = Debug|Any CPU
		{9277E36D-67E1-45C1-A8BB-71A42BF33F1D}.Debug|Any CPU.Build.0 = Debug|Any CPU
		{9277E36D-67E1-45C1-A8BB-71A42BF33F1D}.Release|Any CPU.ActiveCfg = Release|Any CPU
		{9277E36D-67E1-45C1-A8BB-71A42BF33F1D}.Release|Any CPU.Build.0 = Release|Any CPU
		{EE3FB909-1C40-4442-A38E-2E9F848BBBD8}.Debug|Any CPU.ActiveCfg = Debug|Any CPU
		{EE3FB909-1C40-4442-A38E-2E9F848BBBD8}.Debug|Any CPU.Build.0 = Debug|Any CPU
		{EE3FB909-1C40-4442-A38E-2E9F848BBBD8}.Release|Any CPU.ActiveCfg = Release|Any CPU
		{EE3FB909-1C40-4442-A38E-2E9F848BBBD8}.Release|Any CPU.Build.0 = Release|Any CPU
		{26A74B4D-AF18-4277-AD28-7706E9B54E42}.Debug|Any CPU.ActiveCfg = Debug|Any CPU
		{26A74B4D-AF18-4277-AD28-7706E9B54E42}.Debug|Any CPU.Build.0 = Debug|Any CPU
		{26A74B4D-AF18-4277-AD28-7706E9B54E42}.Release|Any CPU.ActiveCfg = Release|Any CPU
		{26A74B4D-AF18-4277-AD28-7706E9B54E42}.Release|Any CPU.Build.0 = Release|Any CPU
		{7F2E7466-75A2-4EAC-B766-340BB1410B76}.Debug|Any CPU.ActiveCfg = Debug|Any CPU
		{7F2E7466-75A2-4EAC-B766-340BB1410B76}.Debug|Any CPU.Build.0 = Debug|Any CPU
		{7F2E7466-75A2-4EAC-B766-340BB1410B76}.Release|Any CPU.ActiveCfg = Release|Any CPU
		{7F2E7466-75A2-4EAC-B766-340BB1410B76}.Release|Any CPU.Build.0 = Release|Any CPU
		{C687545F-93EB-45E7-9840-12A3F3687BD0}.Debug|Any CPU.ActiveCfg = Debug|Any CPU
		{C687545F-93EB-45E7-9840-12A3F3687BD0}.Debug|Any CPU.Build.0 = Debug|Any CPU
		{C687545F-93EB-45E7-9840-12A3F3687BD0}.Release|Any CPU.ActiveCfg = Release|Any CPU
		{C687545F-93EB-45E7-9840-12A3F3687BD0}.Release|Any CPU.Build.0 = Release|Any CPU
		{C01AF4E5-0896-4861-BCFC-35C009B08F3D}.Debug|Any CPU.ActiveCfg = Debug|Any CPU
		{C01AF4E5-0896-4861-BCFC-35C009B08F3D}.Debug|Any CPU.Build.0 = Debug|Any CPU
		{C01AF4E5-0896-4861-BCFC-35C009B08F3D}.Release|Any CPU.ActiveCfg = Release|Any CPU
		{C01AF4E5-0896-4861-BCFC-35C009B08F3D}.Release|Any CPU.Build.0 = Release|Any CPU
		{44AC1B4D-39F7-4188-98A9-7F627CD04AA3}.Debug|Any CPU.ActiveCfg = Debug|Any CPU
		{44AC1B4D-39F7-4188-98A9-7F627CD04AA3}.Debug|Any CPU.Build.0 = Debug|Any CPU
		{44AC1B4D-39F7-4188-98A9-7F627CD04AA3}.Release|Any CPU.ActiveCfg = Release|Any CPU
		{44AC1B4D-39F7-4188-98A9-7F627CD04AA3}.Release|Any CPU.Build.0 = Release|Any CPU
		{7DE00AC9-8C99-46F8-8466-CA6422947872}.Debug|Any CPU.ActiveCfg = Debug|Any CPU
		{7DE00AC9-8C99-46F8-8466-CA6422947872}.Debug|Any CPU.Build.0 = Debug|Any CPU
		{7DE00AC9-8C99-46F8-8466-CA6422947872}.Release|Any CPU.ActiveCfg = Release|Any CPU
		{7DE00AC9-8C99-46F8-8466-CA6422947872}.Release|Any CPU.Build.0 = Release|Any CPU
		{BAA45E85-291C-4BE8-AE2D-2F23A9687516}.Debug|Any CPU.ActiveCfg = Debug|Any CPU
		{BAA45E85-291C-4BE8-AE2D-2F23A9687516}.Debug|Any CPU.Build.0 = Debug|Any CPU
		{BAA45E85-291C-4BE8-AE2D-2F23A9687516}.Release|Any CPU.ActiveCfg = Release|Any CPU
		{BAA45E85-291C-4BE8-AE2D-2F23A9687516}.Release|Any CPU.Build.0 = Release|Any CPU
		{97F9E56E-B5BC-4EE2-A199-F548ADDC5F4D}.Debug|Any CPU.ActiveCfg = Debug|Any CPU
		{97F9E56E-B5BC-4EE2-A199-F548ADDC5F4D}.Debug|Any CPU.Build.0 = Debug|Any CPU
		{97F9E56E-B5BC-4EE2-A199-F548ADDC5F4D}.Release|Any CPU.ActiveCfg = Release|Any CPU
		{97F9E56E-B5BC-4EE2-A199-F548ADDC5F4D}.Release|Any CPU.Build.0 = Release|Any CPU
		{B970E88D-C2F2-440A-B1E6-283DB82343C3}.Debug|Any CPU.ActiveCfg = Debug|Any CPU
		{B970E88D-C2F2-440A-B1E6-283DB82343C3}.Debug|Any CPU.Build.0 = Debug|Any CPU
		{B970E88D-C2F2-440A-B1E6-283DB82343C3}.Release|Any CPU.ActiveCfg = Release|Any CPU
		{B970E88D-C2F2-440A-B1E6-283DB82343C3}.Release|Any CPU.Build.0 = Release|Any CPU
	EndGlobalSection
	GlobalSection(SolutionProperties) = preSolution
		HideSolutionNode = FALSE
	EndGlobalSection
	GlobalSection(NestedProjects) = preSolution
		{902AF707-AFC6-40DE-9334-47081FBFAF97} = {D3144577-E4FF-4B60-A299-E86B8F01017F}
		{B0FD39CE-2117-415D-93F4-C8FB5192E796} = {D3144577-E4FF-4B60-A299-E86B8F01017F}
		{33719456-6BAB-47A5-84F4-C612C7E93A6B} = {D3144577-E4FF-4B60-A299-E86B8F01017F}
		{6D8D2E3F-EE1D-4CC4-AE4F-7462696549F1} = {D3144577-E4FF-4B60-A299-E86B8F01017F}
		{4597AD2F-F1FC-4C9D-AB6E-83F88CD73FE4} = {D3144577-E4FF-4B60-A299-E86B8F01017F}
		{F3A100A3-1F95-4EEC-A5DF-5D6CF68B9624} = {4597AD2F-F1FC-4C9D-AB6E-83F88CD73FE4}
		{94703A84-8D2F-4CE1-B287-51BD9405C1EA} = {4597AD2F-F1FC-4C9D-AB6E-83F88CD73FE4}
		{1457687D-958F-445B-9D25-AF8D9C4D5D86} = {4597AD2F-F1FC-4C9D-AB6E-83F88CD73FE4}
		{31C84D43-6586-49B4-95A1-8A62A03A967A} = {4597AD2F-F1FC-4C9D-AB6E-83F88CD73FE4}
		{B2888BB1-B8DC-4B85-A972-E37543D73E19} = {6AE85D2D-5AD3-4196-AA71-EB6CA42DF388}
		{30AD8CC9-76D7-4179-A9E4-1B16FA1C8626} = {B2888BB1-B8DC-4B85-A972-E37543D73E19}
		{272BD9DC-C5C3-4CB9-9438-D5292C7A7CF0} = {30AD8CC9-76D7-4179-A9E4-1B16FA1C8626}
		{AE911526-C354-4F67-9C54-D9A6DE12034E} = {30AD8CC9-76D7-4179-A9E4-1B16FA1C8626}
		{5345CFE0-3415-4B7F-A64C-3CA5D2240187} = {B2888BB1-B8DC-4B85-A972-E37543D73E19}
		{057F50E6-7BF5-40CE-BEDA-B8CF6E90E7C3} = {30AD8CC9-76D7-4179-A9E4-1B16FA1C8626}
		{74C1223D-FEDF-4DA3-AC3E-FB92E1C7F327} = {5345CFE0-3415-4B7F-A64C-3CA5D2240187}
		{FFC23FED-E4C8-4426-8FBA-FC94F442E781} = {4597AD2F-F1FC-4C9D-AB6E-83F88CD73FE4}
		{175F8A56-228C-40A9-9A21-73713B2E59D6} = {4597AD2F-F1FC-4C9D-AB6E-83F88CD73FE4}
		{5605E25F-8A52-4C6F-A3C5-75F5A3B06AAA} = {4597AD2F-F1FC-4C9D-AB6E-83F88CD73FE4}
		{BB0AAF5F-FFDA-4B45-A99D-6EECA5B0DC75} = {175F8A56-228C-40A9-9A21-73713B2E59D6}
		{5BD4A4DB-0A71-4CFA-B8C3-63CF26D00F63} = {FFC23FED-E4C8-4426-8FBA-FC94F442E781}
		{304C2907-F331-444A-80B1-12E265DD059E} = {5605E25F-8A52-4C6F-A3C5-75F5A3B06AAA}
		{9277E36D-67E1-45C1-A8BB-71A42BF33F1D} = {B46AC80D-CDBD-429A-8C5A-616C0B783675}
		{B46AC80D-CDBD-429A-8C5A-616C0B783675} = {B2888BB1-B8DC-4B85-A972-E37543D73E19}
		{EE3FB909-1C40-4442-A38E-2E9F848BBBD8} = {B46AC80D-CDBD-429A-8C5A-616C0B783675}
		{26A74B4D-AF18-4277-AD28-7706E9B54E42} = {B46AC80D-CDBD-429A-8C5A-616C0B783675}
		{7F2E7466-75A2-4EAC-B766-340BB1410B76} = {027FF29E-849F-4F93-95DA-1D6BAA7B38BB}
		{C687545F-93EB-45E7-9840-12A3F3687BD0} = {5345CFE0-3415-4B7F-A64C-3CA5D2240187}
		{C01AF4E5-0896-4861-BCFC-35C009B08F3D} = {5605E25F-8A52-4C6F-A3C5-75F5A3B06AAA}
		{027FF29E-849F-4F93-95DA-1D6BAA7B38BB} = {30AD8CC9-76D7-4179-A9E4-1B16FA1C8626}
		{44AC1B4D-39F7-4188-98A9-7F627CD04AA3} = {FFC23FED-E4C8-4426-8FBA-FC94F442E781}
		{7DE00AC9-8C99-46F8-8466-CA6422947872} = {027FF29E-849F-4F93-95DA-1D6BAA7B38BB}
		{BAA45E85-291C-4BE8-AE2D-2F23A9687516} = {5345CFE0-3415-4B7F-A64C-3CA5D2240187}
		{97F9E56E-B5BC-4EE2-A199-F548ADDC5F4D} = {175F8A56-228C-40A9-9A21-73713B2E59D6}
		{B970E88D-C2F2-440A-B1E6-283DB82343C3} = {5345CFE0-3415-4B7F-A64C-3CA5D2240187}
	EndGlobalSection
	GlobalSection(ExtensibilityGlobals) = postSolution
		SolutionGuid = {9E10C114-A98F-4FCC-BCB7-528DEA8B47B5}
	EndGlobalSection
EndGlobal
